PODS:
  - Cedar (1.0)

DEPENDENCIES:
  - Cedar (from `https://github.com/pivotal/cedar.git`)

EXTERNAL SOURCES:
  Cedar:
    :git: https://github.com/pivotal/cedar.git

CHECKOUT OPTIONS:
  Cedar:
    :commit: 0c2c76af7a03d9112efbbe85429e52cdb6e72232
    :git: https://github.com/pivotal/cedar.git

SPEC CHECKSUMS:
  Cedar: a641e5ed0353bd9d45782ce365d0822b7342cce3

PODFILE CHECKSUM: 32ae930d700c562887205ad42ae99a3c63dec01c

COCOAPODS: 1.1.1
